
Microsoft Visual Studio Solution File, Format Version 12.00
# Visual Studio Version 17
VisualStudioVersion = 17.3.32922.545
MinimumVisualStudioVersion = 10.0.40219.1
Project("{9A19103F-16F7-4668-BE54-9A1E7A4F7556}") = "ShopNew.Web", "ShopNew.Web\ShopNew.Web.csproj", "{2D4FC02B-DEB5-4FF5-810F-8E969FE62038}"
EndProject
Project("{9A19103F-16F7-4668-BE54-9A1E7A4F7556}") = "ShopNew.DAL", "ShopNew.DAL\ShopNew.DAL.csproj", "{DB77B221-4407-4400-B8A9-7E2C455BAF13}"
EndProject
Project("{9A19103F-16F7-4668-BE54-9A1E7A4F7556}") = "ShopNew.BLL", "ShopNew.BLL\ShopNew.BLL.csproj", "{F5976E3F-DC24-475A-B184-282711FB0B52}"
EndProject
Global
	GlobalSection(SolutionConfigurationPlatforms) = preSolution
		Debug|Any CPU = Debug|Any CPU
		Release|Any CPU = Release|Any CPU
	EndGlobalSection
	GlobalSection(ProjectConfigurationPlatforms) = postSolution
		{2D4FC02B-DEB5-4FF5-810F-8E969FE62038}.Debug|Any CPU.ActiveCfg = Debug|Any CPU
		{2D4FC02B-DEB5-4FF5-810F-8E969FE62038}.Debug|Any CPU.Build.0 = Debug|Any CPU
		{2D4FC02B-DEB5-4FF5-810F-8E969FE62038}.Release|Any CPU.ActiveCfg = Release|Any CPU
		{2D4FC02B-DEB5-4FF5-810F-8E969FE62038}.Release|Any CPU.Build.0 = Release|Any CPU
		{DB77B221-4407-4400-B8A9-7E2C455BAF13}.Debug|Any CPU.ActiveCfg = Debug|Any CPU
		{DB77B221-4407-4400-B8A9-7E2C455BAF13}.Debug|Any CPU.Build.0 = Debug|Any CPU
		{DB77B221-4407-4400-B8A9-7E2C455BAF13}.Release|Any CPU.ActiveCfg = Release|Any CPU
		{DB77B221-4407-4400-B8A9-7E2C455BAF13}.Release|Any CPU.Build.0 = Release|Any CPU
		{F5976E3F-DC24-475A-B184-282711FB0B52}.Debug|Any CPU.ActiveCfg = Debug|Any CPU
		{F5976E3F-DC24-475A-B184-282711FB0B52}.Debug|Any CPU.Build.0 = Debug|Any CPU
		{F5976E3F-DC24-475A-B184-282711FB0B52}.Release|Any CPU.ActiveCfg = Release|Any CPU
		{F5976E3F-DC24-475A-B184-282711FB0B52}.Release|Any CPU.Build.0 = Release|Any CPU
	EndGlobalSection
	GlobalSection(SolutionProperties) = preSolution
		HideSolutionNode = FALSE
	EndGlobalSection
	GlobalSection(ExtensibilityGlobals) = postSolution
		SolutionGuid = {24E5B762-ED15-469B-B6D1-61D8E97959D1}
	EndGlobalSection
EndGlobal
